
Microsoft Visual Studio Solution File, Format Version 12.00
# Visual Studio Version 17
VisualStudioVersion = 17.7.34024.191
MinimumVisualStudioVersion = 10.0.40219.1
Project("{8BC9CEB8-8B4A-11D0-8D11-00A0C91BC942}") = "Debugging", "Debugging\Debugging.vcxproj", "{0087EE57-6098-4E4B-88AF-F4E85EAAFBB0}"
EndProject
Global
	GlobalSection(SolutionConfigurationPlatforms) = preSolution
		Debug|x64 = Debug|x64
		Debug|x86 = Debug|x86
		Release|x64 = Release|x64
		Release|x86 = Release|x86
	EndGlobalSection
	GlobalSection(ProjectConfigurationPlatforms) = postSolution
		{0087EE57-6098-4E4B-88AF-F4E85EAAFBB0}.Debug|x64.ActiveCfg = Debug|x64
		{0087EE57-6098-4E4B-88AF-F4E85EAAFBB0}.Debug|x64.Build.0 = Debug|x64
		{0087EE57-6098-4E4B-88AF-F4E85EAAFBB0}.Debug|x86.ActiveCfg = Debug|Win32
		{0087EE57-6098-4E4B-88AF-F4E85EAAFBB0}.Debug|x86.Build.0 = Debug|Win32
		{0087EE57-6098-4E4B-88AF-F4E85EAAFBB0}.Release|x64.ActiveCfg = Release|x64
		{0087EE57-6098-4E4B-88AF-F4E85EAAFBB0}.Release|x64.Build.0 = Release|x64
		{0087EE57-6098-4E4B-88AF-F4E85EAAFBB0}.Release|x86.ActiveCfg = Release|Win32
		{0087EE57-6098-4E4B-88AF-F4E85EAAFBB0}.Release|x86.Build.0 = Release|Win32
	EndGlobalSection
	GlobalSection(SolutionProperties) = preSolution
		HideSolutionNode = FALSE
	EndGlobalSection
	GlobalSection(ExtensibilityGlobals) = postSolution
		SolutionGuid = {A326D6FB-B01D-46B4-A6B8-6AB8D9ACC126}
	EndGlobalSection
EndGlobal
